// !$*UTF8*$!
{
	archiveVersion = 1;
	classes = {
	};
	objectVersion = 46;
	objects = {

/* Begin PBXBuildFile section */
		F10A94711CECD28C00536502 /* Main.storyboard in Resources */ = {isa = PBXBuildFile; fileRef = F10A946F1CECD28C00536502 /* Main.storyboard */; };
		F10A94731CECD28C00536502 /* Assets.xcassets in Resources */ = {isa = PBXBuildFile; fileRef = F10A94721CECD28C00536502 /* Assets.xcassets */; };
		F10A94761CECD28C00536502 /* LaunchScreen.storyboard in Resources */ = {isa = PBXBuildFile; fileRef = F10A94741CECD28C00536502 /* LaunchScreen.storyboard */; };
		F10A94811CECD6E200536502 /* AppDelegate.swift in Sources */ = {isa = PBXBuildFile; fileRef = F10A94801CECD6E200536502 /* AppDelegate.swift */; };
		F10A94841CECD6EB00536502 /* ViewController.swift in Sources */ = {isa = PBXBuildFile; fileRef = F10A94821CECD6EB00536502 /* ViewController.swift */; };
		F10A94851CECD6EB00536502 /* WeatherIcon.swift in Sources */ = {isa = PBXBuildFile; fileRef = F10A94831CECD6EB00536502 /* WeatherIcon.swift */; };
		F141698C1CECD7DD007D6D27 /* weathericons-regular-webfont.ttf in Resources */ = {isa = PBXBuildFile; fileRef = F141698B1CECD7DD007D6D27 /* weathericons-regular-webfont.ttf */; };
/* End PBXBuildFile section */

/* Begin PBXFileReference section */
		F10A94681CECD28C00536502 /* SegundoObligatorio.app */ = {isa = PBXFileReference; explicitFileType = wrapper.application; includeInIndex = 0; path = SegundoObligatorio.app; sourceTree = BUILT_PRODUCTS_DIR; };
		F10A94701CECD28C00536502 /* Base */ = {isa = PBXFileReference; lastKnownFileType = file.storyboard; name = Base; path = Base.lproj/Main.storyboard; sourceTree = "<group>"; };
		F10A94721CECD28C00536502 /* Assets.xcassets */ = {isa = PBXFileReference; lastKnownFileType = folder.assetcatalog; path = Assets.xcassets; sourceTree = "<group>"; };
		F10A94751CECD28C00536502 /* Base */ = {isa = PBXFileReference; lastKnownFileType = file.storyboard; name = Base; path = Base.lproj/LaunchScreen.storyboard; sourceTree = "<group>"; };
		F10A94771CECD28C00536502 /* Info.plist */ = {isa = PBXFileReference; lastKnownFileType = text.plist.xml; path = Info.plist; sourceTree = "<group>"; };
		F10A94801CECD6E200536502 /* AppDelegate.swift */ = {isa = PBXFileReference; fileEncoding = 4; lastKnownFileType = sourcecode.swift; name = AppDelegate.swift; path = Classes/AppDelegate.swift; sourceTree = "<group>"; };
		F10A94821CECD6EB00536502 /* ViewController.swift */ = {isa = PBXFileReference; fileEncoding = 4; lastKnownFileType = sourcecode.swift; name = ViewController.swift; path = Classes/ViewController.swift; sourceTree = "<group>"; };
		F10A94831CECD6EB00536502 /* WeatherIcon.swift */ = {isa = PBXFileReference; fileEncoding = 4; lastKnownFileType = sourcecode.swift; name = WeatherIcon.swift; path = Classes/WeatherIcon.swift; sourceTree = "<group>"; };
		F141698B1CECD7DD007D6D27 /* weathericons-regular-webfont.ttf */ = {isa = PBXFileReference; lastKnownFileType = file; name = "weathericons-regular-webfont.ttf"; path = "Fonts/weathericons-regular-webfont.ttf"; sourceTree = "<group>"; };
/* End PBXFileReference section */

/* Begin PBXFrameworksBuildPhase section */
		F10A94651CECD28C00536502 /* Frameworks */ = {
			isa = PBXFrameworksBuildPhase;
			buildActionMask = 2147483647;
			files = (
			);
			runOnlyForDeploymentPostprocessing = 0;
		};
/* End PBXFrameworksBuildPhase section */

/* Begin PBXGroup section */
		F10A945F1CECD28C00536502 = {
			isa = PBXGroup;
			children = (
				F10A946A1CECD28C00536502 /* SegundoObligatorio */,
				F10A94691CECD28C00536502 /* Products */,
			);
			sourceTree = "<group>";
		};
		F10A94691CECD28C00536502 /* Products */ = {
			isa = PBXGroup;
			children = (
				F10A94681CECD28C00536502 /* SegundoObligatorio.app */,
			);
			name = Products;
			sourceTree = "<group>";
		};
		F10A946A1CECD28C00536502 /* SegundoObligatorio */ = {
			isa = PBXGroup;
			children = (
				F10A947D1CECD29D00536502 /* Utils */,
				F10A947E1CECD3D300536502 /* Fonts */,
				F10A94821CECD6EB00536502 /* ViewController.swift */,
				F10A94801CECD6E200536502 /* AppDelegate.swift */,
				F10A946F1CECD28C00536502 /* Main.storyboard */,
				F10A94721CECD28C00536502 /* Assets.xcassets */,
				F10A94741CECD28C00536502 /* LaunchScreen.storyboard */,
				F10A94771CECD28C00536502 /* Info.plist */,
			);
			path = SegundoObligatorio;
			sourceTree = "<group>";
		};
		F10A947D1CECD29D00536502 /* Utils */ = {
			isa = PBXGroup;
			children = (
				F10A94831CECD6EB00536502 /* WeatherIcon.swift */,
			);
			name = Utils;
			sourceTree = "<group>";
		};
		F10A947E1CECD3D300536502 /* Fonts */ = {
			isa = PBXGroup;
			children = (
				F141698B1CECD7DD007D6D27 /* weathericons-regular-webfont.ttf */,
			);
			name = Fonts;
			sourceTree = "<group>";
		};
/* End PBXGroup section */

/* Begin PBXNativeTarget section */
		F10A94671CECD28C00536502 /* SegundoObligatorio */ = {
			isa = PBXNativeTarget;
			buildConfigurationList = F10A947A1CECD28C00536502 /* Build configuration list for PBXNativeTarget "SegundoObligatorio" */;
			buildPhases = (
				F10A94641CECD28C00536502 /* Sources */,
				F10A94651CECD28C00536502 /* Frameworks */,
				F10A94661CECD28C00536502 /* Resources */,
			);
			buildRules = (
			);
			dependencies = (
			);
			name = SegundoObligatorio;
			productName = SegundoObligatorio;
			productReference = F10A94681CECD28C00536502 /* SegundoObligatorio.app */;
			productType = "com.apple.product-type.application";
		};
/* End PBXNativeTarget section */

/* Begin PBXProject section */
		F10A94601CECD28C00536502 /* Project object */ = {
			isa = PBXProject;
			attributes = {
				LastSwiftUpdateCheck = 0730;
				LastUpgradeCheck = 0730;
				ORGANIZATIONNAME = "Universidad Catolica";
				TargetAttributes = {
					F10A94671CECD28C00536502 = {
						CreatedOnToolsVersion = 7.3.1;
					};
				};
			};
			buildConfigurationList = F10A94631CECD28C00536502 /* Build configuration list for PBXProject "SegundoObligatorio" */;
			compatibilityVersion = "Xcode 3.2";
			developmentRegion = English;
			hasScannedForEncodings = 0;
			knownRegions = (
				en,
				Base,
			);
			mainGroup = F10A945F1CECD28C00536502;
			productRefGroup = F10A94691CECD28C00536502 /* Products */;
			projectDirPath = "";
			projectRoot = "";
			targets = (
				F10A94671CECD28C00536502 /* SegundoObligatorio */,
			);
		};
/* End PBXProject section */

/* Begin PBXResourcesBuildPhase section */
		F10A94661CECD28C00536502 /* Resources */ = {
			isa = PBXResourcesBuildPhase;
			buildActionMask = 2147483647;
			files = (
				F10A94761CECD28C00536502 /* LaunchScreen.storyboard in Resources */,
				F10A94731CECD28C00536502 /* Assets.xcassets in Resources */,
				F141698C1CECD7DD007D6D27 /* weathericons-regular-webfont.ttf in Resources */,
				F10A94711CECD28C00536502 /* Main.storyboard in Resources */,
			);
			runOnlyForDeploymentPostprocessing = 0;
		};
/* End PBXResourcesBuildPhase section */

/* Begin PBXSourcesBuildPhase section */
		F10A94641CECD28C00536502 /* Sources */ = {
			isa = PBXSourcesBuildPhase;
			buildActionMask = 2147483647;
			files = (
				F10A94841CECD6EB00536502 /* ViewController.swift in Sources */,
				F10A94851CECD6EB00536502 /* WeatherIcon.swift in Sources */,
				F10A94811CECD6E200536502 /* AppDelegate.swift in Sources */,
			);
			runOnlyForDeploymentPostprocessing = 0;
		};
/* End PBXSourcesBuildPhase section */

/* Begin PBXVariantGroup section */
		F10A946F1CECD28C00536502 /* Main.storyboard */ = {
			isa = PBXVariantGroup;
			children = (
				F10A94701CECD28C00536502 /* Base */,
			);
			name = Main.storyboard;
			sourceTree = "<group>";
		};
		F10A94741CECD28C00536502 /* LaunchScreen.storyboard */ = {
			isa = PBXVariantGroup;
			children = (
				F10A94751CECD28C00536502 /* Base */,
			);
			name = LaunchScreen.storyboard;
			sourceTree = "<group>";
		};
/* End PBXVariantGroup section */

/* Begin XCBuildConfiguration section */
		F10A94781CECD28C00536502 /* Debug */ = {
			isa = XCBuildConfiguration;
			buildSettings = {
				ALWAYS_SEARCH_USER_PATHS = NO;
				CLANG_ANALYZER_NONNULL = YES;
				CLANG_CXX_LANGUAGE_STANDARD = "gnu++0x";
				CLANG_CXX_LIBRARY = "libc++";
				CLANG_ENABLE_MODULES = YES;
				CLANG_ENABLE_OBJC_ARC = YES;
				CLANG_WARN_BOOL_CONVERSION = YES;
				CLANG_WARN_CONSTANT_CONVERSION = YES;
				CLANG_WARN_DIRECT_OBJC_ISA_USAGE = YES_ERROR;
				CLANG_WARN_EMPTY_BODY = YES;
				CLANG_WARN_ENUM_CONVERSION = YES;
				CLANG_WARN_INT_CONVERSION = YES;
				CLANG_WARN_OBJC_ROOT_CLASS = YES_ERROR;
				CLANG_WARN_UNREACHABLE_CODE = YES;
				CLANG_WARN__DUPLICATE_METHOD_MATCH = YES;
				"CODE_SIGN_IDENTITY[sdk=iphoneos*]" = "iPhone Developer";
				COPY_PHASE_STRIP = NO;
				DEBUG_INFORMATION_FORMAT = dwarf;
				ENABLE_STRICT_OBJC_MSGSEND = YES;
				ENABLE_TESTABILITY = YES;
				GCC_C_LANGUAGE_STANDARD = gnu99;
				GCC_DYNAMIC_NO_PIC = NO;
				GCC_NO_COMMON_BLOCKS = YES;
				GCC_OPTIMIZATION_LEVEL = 0;
				GCC_PREPROCESSOR_DEFINITIONS = (
					"DEBUG=1",
					"$(inherited)",
				);
				GCC_WARN_64_TO_32_BIT_CONVERSION = YES;
				GCC_WARN_ABOUT_RETURN_TYPE = YES_ERROR;
				GCC_WARN_UNDECLARED_SELECTOR = YES;
				GCC_WARN_UNINITIALIZED_AUTOS = YES_AGGRESSIVE;
				GCC_WARN_UNUSED_FUNCTION = YES;
				GCC_WARN_UNUSED_VARIABLE = YES;
				IPHONEOS_DEPLOYMENT_TARGET = 9.3;
				MTL_ENABLE_DEBUG_INFO = YES;
				ONLY_ACTIVE_ARCH = YES;
				SDKROOT = iphoneos;
				SWIFT_OPTIMIZATION_LEVEL = "-Onone";
			};
			name = Debug;
		};
		F10A94791CECD28C00536502 /* Release */ = {
			isa = XCBuildConfiguration;
			buildSettings = {
				ALWAYS_SEARCH_USER_PATHS = NO;
				CLANG_ANALYZER_NONNULL = YES;
				CLANG_CXX_LANGUAGE_STANDARD = "gnu++0x";
				CLANG_CXX_LIBRARY = "libc++";
				CLANG_ENABLE_MODULES = YES;
				CLANG_ENABLE_OBJC_ARC = YES;
				CLANG_WARN_BOOL_CONVERSION = YES;
				CLANG_WARN_CONSTANT_CONVERSION = YES;
				CLANG_WARN_DIRECT_OBJC_ISA_USAGE = YES_ERROR;
				CLANG_WARN_EMPTY_BODY = YES;
				CLANG_WARN_ENUM_CONVERSION = YES;
				CLANG_WARN_INT_CONVERSION = YES;
				CLANG_WARN_OBJC_ROOT_CLASS = YES_ERROR;
				CLANG_WARN_UNREACHABLE_CODE = YES;
				CLANG_WARN__DUPLICATE_METHOD_MATCH = YES;
				"CODE_SIGN_IDENTITY[sdk=iphoneos*]" = "iPhone Developer";
				COPY_PHASE_STRIP = NO;
				DEBUG_INFORMATION_FORMAT = "dwarf-with-dsym";
				ENABLE_NS_ASSERTIONS = NO;
				ENABLE_STRICT_OBJC_MSGSEND = YES;
				GCC_C_LANGUAGE_STANDARD = gnu99;
				GCC_NO_COMMON_BLOCKS = YES;
				GCC_WARN_64_TO_32_BIT_CONVERSION = YES;
				GCC_WARN_ABOUT_RETURN_TYPE = YES_ERROR;
				GCC_WARN_UNDECLARED_SELECTOR = YES;
				GCC_WARN_UNINITIALIZED_AUTOS = YES_AGGRESSIVE;
				GCC_WARN_UNUSED_FUNCTION = YES;
				GCC_WARN_UNUSED_VARIABLE = YES;
				IPHONEOS_DEPLOYMENT_TARGET = 9.3;
				MTL_ENABLE_DEBUG_INFO = NO;
				SDKROOT = iphoneos;
				VALIDATE_PRODUCT = YES;
			};
			name = Release;
		};
		F10A947B1CECD28C00536502 /* Debug */ = {
			isa = XCBuildConfiguration;
			buildSettings = {
				ASSETCATALOG_COMPILER_APPICON_NAME = AppIcon;
				CLANG_ENABLE_MODULES = YES;
				INFOPLIST_FILE = SegundoObligatorio/Info.plist;
				IPHONEOS_DEPLOYMENT_TARGET = 8.4;
				LD_RUNPATH_SEARCH_PATHS = "$(inherited) @executable_path/Frameworks";
				PRODUCT_BUNDLE_IDENTIFIER = com.ucu.SegundoObligatorio;
				PRODUCT_NAME = "$(TARGET_NAME)";
				SWIFT_OPTIMIZATION_LEVEL = "-Onone";
			};
			name = Debug;
		};
		F10A947C1CECD28C00536502 /* Release */ = {
			isa = XCBuildConfiguration;
			buildSettings = {
				ASSETCATALOG_COMPILER_APPICON_NAME = AppIcon;
				CLANG_ENABLE_MODULES = YES;
				INFOPLIST_FILE = SegundoObligatorio/Info.plist;
				IPHONEOS_DEPLOYMENT_TARGET = 8.4;
				LD_RUNPATH_SEARCH_PATHS = "$(inherited) @executable_path/Frameworks";
				PRODUCT_BUNDLE_IDENTIFIER = com.ucu.SegundoObligatorio;
				PRODUCT_NAME = "$(TARGET_NAME)";
			};
			name = Release;
		};
/* End XCBuildConfiguration section */

/* Begin XCConfigurationList section */
		F10A94631CECD28C00536502 /* Build configuration list for PBXProject "SegundoObligatorio" */ = {
			isa = XCConfigurationList;
			buildConfigurations = (
				F10A94781CECD28C00536502 /* Debug */,
				F10A94791CECD28C00536502 /* Release */,
			);
			defaultConfigurationIsVisible = 0;
			defaultConfigurationName = Release;
		};
		F10A947A1CECD28C00536502 /* Build configuration list for PBXNativeTarget "SegundoObligatorio" */ = {
			isa = XCConfigurationList;
			buildConfigurations = (
				F10A947B1CECD28C00536502 /* Debug */,
				F10A947C1CECD28C00536502 /* Release */,
			);
			defaultConfigurationIsVisible = 0;
			defaultConfigurationName = Release;
		};
/* End XCConfigurationList section */
	};
	rootObject = F10A94601CECD28C00536502 /* Project object */;
}
